
Microsoft Visual Studio Solution File, Format Version 12.00
# Visual Studio Version 16
VisualStudioVersion = 16.0.31321.278
MinimumVisualStudioVersion = 10.0.40219.1
Project("{FAE04EC0-301F-11D3-BF4B-00C04F79EFBC}") = "Exercise.0.Prerequisite", "Exercise.0.Prerequisite\Exercise.0.Prerequisite.csproj", "{3C14D760-D588-4724-AA26-30DD59F5EB85}"
EndProject
Global
	GlobalSection(SolutionConfigurationPlatforms) = preSolution
		Debug|Any CPU = Debug|Any CPU
		Release|Any CPU = Release|Any CPU
	EndGlobalSection
	GlobalSection(ProjectConfigurationPlatforms) = postSolution
		{3C14D760-D588-4724-AA26-30DD59F5EB85}.Debug|Any CPU.ActiveCfg = Debug|Any CPU
		{3C14D760-D588-4724-AA26-30DD59F5EB85}.Debug|Any CPU.Build.0 = Debug|Any CPU
		{3C14D760-D588-4724-AA26-30DD59F5EB85}.Release|Any CPU.ActiveCfg = Release|Any CPU
		{3C14D760-D588-4724-AA26-30DD59F5EB85}.Release|Any CPU.Build.0 = Release|Any CPU
	EndGlobalSection
	GlobalSection(SolutionProperties) = preSolution
		HideSolutionNode = FALSE
	EndGlobalSection
	GlobalSection(ExtensibilityGlobals) = postSolution
		SolutionGuid = {0C31EEAB-A091-446C-A0C1-05641FC8B718}
	EndGlobalSection
EndGlobal
